
Microsoft Visual Studio Solution File, Format Version 12.00
# Visual Studio Version 17
VisualStudioVersion = 17.5.002.0
MinimumVisualStudioVersion = 10.0.40219.1
Project("{2150E333-8FDC-42A3-9474-1A3956D46DE8}") = "test", "test", "{B56AEC97-0E4C-468C-9B2E-0C3F72C5B97F}"
EndProject
Project("{9A19103F-16F7-4668-BE54-9A1E7A4F7556}") = "EsepWebhook.Tests", "test\EsepWebhook.Tests\EsepWebhook.Tests.csproj", "{B2BB8469-F55D-4AD6-BB80-5E5338554F2A}"
EndProject
Project("{2150E333-8FDC-42A3-9474-1A3956D46DE8}") = "src", "src", "{F0C58446-0A67-4384-822B-D61A3CDCC44E}"
EndProject
Project("{9A19103F-16F7-4668-BE54-9A1E7A4F7556}") = "EsepWebhook", "src\EsepWebhook\EsepWebhook.csproj", "{B190C0DB-760F-4DC8-8840-E4DD8F6890A0}"
EndProject
Global
	GlobalSection(SolutionConfigurationPlatforms) = preSolution
		Debug|Any CPU = Debug|Any CPU
		Release|Any CPU = Release|Any CPU
	EndGlobalSection
	GlobalSection(ProjectConfigurationPlatforms) = postSolution
		{B2BB8469-F55D-4AD6-BB80-5E5338554F2A}.Debug|Any CPU.ActiveCfg = Debug|Any CPU
		{B2BB8469-F55D-4AD6-BB80-5E5338554F2A}.Debug|Any CPU.Build.0 = Debug|Any CPU
		{B2BB8469-F55D-4AD6-BB80-5E5338554F2A}.Release|Any CPU.ActiveCfg = Release|Any CPU
		{B2BB8469-F55D-4AD6-BB80-5E5338554F2A}.Release|Any CPU.Build.0 = Release|Any CPU
		{B190C0DB-760F-4DC8-8840-E4DD8F6890A0}.Debug|Any CPU.ActiveCfg = Debug|Any CPU
		{B190C0DB-760F-4DC8-8840-E4DD8F6890A0}.Debug|Any CPU.Build.0 = Debug|Any CPU
		{B190C0DB-760F-4DC8-8840-E4DD8F6890A0}.Release|Any CPU.ActiveCfg = Release|Any CPU
		{B190C0DB-760F-4DC8-8840-E4DD8F6890A0}.Release|Any CPU.Build.0 = Release|Any CPU
	EndGlobalSection
	GlobalSection(SolutionProperties) = preSolution
		HideSolutionNode = FALSE
	EndGlobalSection
	GlobalSection(NestedProjects) = preSolution
		{B2BB8469-F55D-4AD6-BB80-5E5338554F2A} = {B56AEC97-0E4C-468C-9B2E-0C3F72C5B97F}
		{B190C0DB-760F-4DC8-8840-E4DD8F6890A0} = {F0C58446-0A67-4384-822B-D61A3CDCC44E}
	EndGlobalSection
	GlobalSection(ExtensibilityGlobals) = postSolution
		SolutionGuid = {71E54D1C-A787-4708-B6B0-2355F6BDE8CB}
	EndGlobalSection
EndGlobal
